
Microsoft Visual Studio Solution File, Format Version 12.00
# Visual Studio Version 17
VisualStudioVersion = 17.10.35004.147
MinimumVisualStudioVersion = 10.0.40219.1
Project("{FAE04EC0-301F-11D3-BF4B-00C04F79EFBC}") = "Api3Prac", "Api3Prac\Api3Prac.csproj", "{334301D0-859D-4807-9941-3C11FEAFA04B}"
EndProject
Global
	GlobalSection(SolutionConfigurationPlatforms) = preSolution
		Debug|Any CPU = Debug|Any CPU
		Release|Any CPU = Release|Any CPU
	EndGlobalSection
	GlobalSection(ProjectConfigurationPlatforms) = postSolution
		{334301D0-859D-4807-9941-3C11FEAFA04B}.Debug|Any CPU.ActiveCfg = Debug|Any CPU
		{334301D0-859D-4807-9941-3C11FEAFA04B}.Debug|Any CPU.Build.0 = Debug|Any CPU
		{334301D0-859D-4807-9941-3C11FEAFA04B}.Release|Any CPU.ActiveCfg = Release|Any CPU
		{334301D0-859D-4807-9941-3C11FEAFA04B}.Release|Any CPU.Build.0 = Release|Any CPU
	EndGlobalSection
	GlobalSection(SolutionProperties) = preSolution
		HideSolutionNode = FALSE
	EndGlobalSection
	GlobalSection(ExtensibilityGlobals) = postSolution
		SolutionGuid = {FE1CBCED-6DF3-43D0-9230-D274826103EA}
	EndGlobalSection
EndGlobal
